{
  "name": "example",
  "version": "0.0.1",
  "lockfileVersion": 3,
  "requires": true,
  "packages": {
    "": {
      "name": "example",
      "version": "0.0.1",
      "license": "MIT",
      "devDependencies": {
        "@stencil-community/web-types-output-target": "file:..",
        "@stencil/core": "^4.7.0"
      }
    },
    "..": {
      "name": "@stencil-community/web-types-output-target",
      "version": "0.4.2",
      "dev": true,
      "license": "MIT",
      "devDependencies": {
        "@ionic/prettier-config": "^4.0.0",
        "@release-it/conventional-changelog": "^8.0.1",
        "@stencil/core": "^4.22.0",
        "@types/node": "^20.12.8",
        "@vitest/coverage-v8": "^2.0.0",
        "prettier": "3.3.3",
        "release-it": "^17.2.0",
        "typescript": "^5.4.3",
        "vitest": "^2.0.0"
      }
    },
    "node_modules/@stencil-community/web-types-output-target": {
      "resolved": "..",
      "link": true
    },
    "node_modules/@stencil/core": {
      "version": "4.22.0",
      "resolved": "https://registry.npmjs.org/@stencil/core/-/core-4.22.0.tgz",
      "integrity": "sha512-AYuihByeAkW17tuf40nKhnnxDBkshr5An3XjEJoUiN1OPU3w+iVVWB4f0g3XC1TBWFDLnChYH9ODaSq7IkpjPQ==",
      "dev": true,
      "license": "MIT",
      "bin": {
        "stencil": "bin/stencil"
      },
      "engines": {
        "node": ">=16.0.0",
        "npm": ">=7.10.0"
      }
    }
  }
}
