{
  "name": "example",
  "version": "0.0.1",
  "lockfileVersion": 3,
  "requires": true,
  "packages": {
    "": {
      "name": "example",
      "version": "0.0.1",
      "license": "MIT",
      "devDependencies": {
        "@stencil/core": "^4.7.0",
        "@types/node": "^16.18.11"
      }
    },
    "node_modules/@stencil/core": {
      "version": "4.16.0",
      "resolved": "https://registry.npmjs.org/@stencil/core/-/core-4.16.0.tgz",
      "integrity": "sha512-gXaC5IrquV/Hw5JIZTCWkM5lJEbBQtnvHLhDebjar6A6+YBqxah04dardS+YUNVuRbnE6Hcja7KKiAXT3oVsvw==",
      "dev": true,
      "bin": {
        "stencil": "bin/stencil"
      },
      "engines": {
        "node": ">=16.0.0",
        "npm": ">=7.10.0"
      }
    },
    "node_modules/@types/node": {
      "version": "16.18.96",
      "resolved": "https://registry.npmjs.org/@types/node/-/node-16.18.96.tgz",
      "integrity": "sha512-84iSqGXoO+Ha16j8pRZ/L90vDMKX04QTYMTfYeE1WrjWaZXuchBehGUZEpNgx7JnmlrIHdnABmpjrQjhCnNldQ==",
      "dev": true
    }
  }
}
