{
  "name": "example",
  "version": "0.0.1",
  "lockfileVersion": 3,
  "requires": true,
  "packages": {
    "": {
      "name": "example",
      "version": "0.0.1",
      "license": "MIT",
      "devDependencies": {
        "@stencil-community/web-types-output-target": "file:..",
        "@stencil/core": "^4.7.0"
      }
    },
    "..": {
      "name": "@stencil-community/web-types-output-target",
      "version": "0.1.0",
      "dev": true,
      "license": "MIT",
      "devDependencies": {
        "@ionic/prettier-config": "^4.0.0",
        "@release-it/conventional-changelog": "^8.0.1",
        "@stencil/core": "^4.17.2",
        "@types/node": "^20.12.8",
        "@vitest/coverage-v8": "^1.5.0",
        "prettier": "3.2.5",
        "release-it": "^17.2.0",
        "typescript": "^5.4.3",
        "vitest": "^1.4.0"
      }
    },
    "node_modules/@stencil-community/web-types-output-target": {
      "resolved": "..",
      "link": true
    },
    "node_modules/@stencil/core": {
      "version": "4.17.2",
      "resolved": "https://registry.npmjs.org/@stencil/core/-/core-4.17.2.tgz",
      "integrity": "sha512-MX7yaLmpTU9iZvCire9nhecTcE0qBlV0vPWrLMeIXewYN7/hb8B3NjnhQyBKC93FDPI8NBRmt6KIugLw9zcRZg==",
      "dev": true,
      "bin": {
        "stencil": "bin/stencil"
      },
      "engines": {
        "node": ">=16.0.0",
        "npm": ">=7.10.0"
      }
    }
  }
}
